
Microsoft Visual Studio Solution File, Format Version 12.00
# Visual Studio 15
VisualStudioVersion = 15.0.26124.0
MinimumVisualStudioVersion = 15.0.26124.0
Project("{FAE04EC0-301F-11D3-BF4B-00C04F79EFBC}") = "TestAPIClient", "src\TestAPIClient.csproj", "{29F6CEF7-3BBD-4FC0-A313-A036FFF8AF6F}"
EndProject
Project("{FAE04EC0-301F-11D3-BF4B-00C04F79EFBC}") = "TestAPIClient.Tests", "test\TestAPIClient.Tests.csproj", "{96479F1A-B9B9-453A-83B1-CCE639E8B41F}"
EndProject
Global
	GlobalSection(SolutionConfigurationPlatforms) = preSolution
		Debug|Any CPU = Debug|Any CPU
		Debug|x64 = Debug|x64
		Debug|x86 = Debug|x86
		Release|Any CPU = Release|Any CPU
		Release|x64 = Release|x64
		Release|x86 = Release|x86
	EndGlobalSection
	GlobalSection(SolutionProperties) = preSolution
		HideSolutionNode = FALSE
	EndGlobalSection
	GlobalSection(ProjectConfigurationPlatforms) = postSolution
		{29F6CEF7-3BBD-4FC0-A313-A036FFF8AF6F}.Debug|Any CPU.ActiveCfg = Debug|Any CPU
		{29F6CEF7-3BBD-4FC0-A313-A036FFF8AF6F}.Debug|Any CPU.Build.0 = Debug|Any CPU
		{29F6CEF7-3BBD-4FC0-A313-A036FFF8AF6F}.Debug|x64.ActiveCfg = Debug|Any CPU
		{29F6CEF7-3BBD-4FC0-A313-A036FFF8AF6F}.Debug|x64.Build.0 = Debug|Any CPU
		{29F6CEF7-3BBD-4FC0-A313-A036FFF8AF6F}.Debug|x86.ActiveCfg = Debug|Any CPU
		{29F6CEF7-3BBD-4FC0-A313-A036FFF8AF6F}.Debug|x86.Build.0 = Debug|Any CPU
		{29F6CEF7-3BBD-4FC0-A313-A036FFF8AF6F}.Release|Any CPU.ActiveCfg = Release|Any CPU
		{29F6CEF7-3BBD-4FC0-A313-A036FFF8AF6F}.Release|Any CPU.Build.0 = Release|Any CPU
		{29F6CEF7-3BBD-4FC0-A313-A036FFF8AF6F}.Release|x64.ActiveCfg = Release|Any CPU
		{29F6CEF7-3BBD-4FC0-A313-A036FFF8AF6F}.Release|x64.Build.0 = Release|Any CPU
		{29F6CEF7-3BBD-4FC0-A313-A036FFF8AF6F}.Release|x86.ActiveCfg = Release|Any CPU
		{29F6CEF7-3BBD-4FC0-A313-A036FFF8AF6F}.Release|x86.Build.0 = Release|Any CPU
		{96479F1A-B9B9-453A-83B1-CCE639E8B41F}.Debug|Any CPU.ActiveCfg = Debug|Any CPU
		{96479F1A-B9B9-453A-83B1-CCE639E8B41F}.Debug|Any CPU.Build.0 = Debug|Any CPU
		{96479F1A-B9B9-453A-83B1-CCE639E8B41F}.Debug|x64.ActiveCfg = Debug|Any CPU
		{96479F1A-B9B9-453A-83B1-CCE639E8B41F}.Debug|x64.Build.0 = Debug|Any CPU
		{96479F1A-B9B9-453A-83B1-CCE639E8B41F}.Debug|x86.ActiveCfg = Debug|Any CPU
		{96479F1A-B9B9-453A-83B1-CCE639E8B41F}.Debug|x86.Build.0 = Debug|Any CPU
		{96479F1A-B9B9-453A-83B1-CCE639E8B41F}.Release|Any CPU.ActiveCfg = Release|Any CPU
		{96479F1A-B9B9-453A-83B1-CCE639E8B41F}.Release|Any CPU.Build.0 = Release|Any CPU
		{96479F1A-B9B9-453A-83B1-CCE639E8B41F}.Release|x64.ActiveCfg = Release|Any CPU
		{96479F1A-B9B9-453A-83B1-CCE639E8B41F}.Release|x64.Build.0 = Release|Any CPU
		{96479F1A-B9B9-453A-83B1-CCE639E8B41F}.Release|x86.ActiveCfg = Release|Any CPU
		{96479F1A-B9B9-453A-83B1-CCE639E8B41F}.Release|x86.Build.0 = Release|Any CPU
	EndGlobalSection
EndGlobal
